// !$*UTF8*$!
{
 archiveVersion = 1; classes = {}; objectVersion = 56;
 objects = {
  CACB2748E76DCA04E0FE41CB = { isa = PBXFileReference; explicitFileType = "wrapper.application"; includeInIndex = 0; path = "ChatWing.app"; sourceTree = BUILT_PRODUCTS_DIR; };
  33F6EF03795119E2B0E0C02A = { isa = PBXFileReference; lastKnownFileType = "sourcecode.swift"; path = "Shared/Models.swift"; sourceTree = SOURCE_ROOT; };
  0F7E47764526F67C3832845B = { isa = PBXBuildFile; fileRef = 33F6EF03795119E2B0E0C02A; };
  B5DB56CDFDD28EA97215349A = { isa = PBXFileReference; lastKnownFileType = "sourcecode.swift"; path = "Shared/SharedStore.swift"; sourceTree = SOURCE_ROOT; };
  36AF7739503246A53E16FC25 = { isa = PBXBuildFile; fileRef = B5DB56CDFDD28EA97215349A; };
  3C5EFF0328B5B837FDBBE5E7 = { isa = PBXFileReference; lastKnownFileType = "sourcecode.swift"; path = "Shared/Keychain.swift"; sourceTree = SOURCE_ROOT; };
  5A0062D8069A6DEECF3C405E = { isa = PBXBuildFile; fileRef = 3C5EFF0328B5B837FDBBE5E7; };
  8CDF2DA57B1284221555D8F7 = { isa = PBXFileReference; lastKnownFileType = "sourcecode.swift"; path = "Shared/APIClient.swift"; sourceTree = SOURCE_ROOT; };
  5E014B64BD37781F95310418 = { isa = PBXBuildFile; fileRef = 8CDF2DA57B1284221555D8F7; };
  DA958B3133A30C9ECE085DDE = { isa = PBXFileReference; lastKnownFileType = "sourcecode.swift"; path = "Shared/OCRReader.swift"; sourceTree = SOURCE_ROOT; };
  F087BD1AC6A02C7BF7D9865C = { isa = PBXBuildFile; fileRef = DA958B3133A30C9ECE085DDE; };
  7626AB1FB79BA942239C112F = { isa = PBXFileReference; lastKnownFileType = "sourcecode.swift"; path = "Shared/TextLogic.swift"; sourceTree = SOURCE_ROOT; };
  B67D08C25E4E76102FE88043 = { isa = PBXBuildFile; fileRef = 7626AB1FB79BA942239C112F; };
  02404F78CCE5FFBF04939DFD = { isa = PBXFileReference; lastKnownFileType = "sourcecode.swift"; path = "App/AppModel.swift"; sourceTree = SOURCE_ROOT; };
  A2000E87D8213BD784C3C882 = { isa = PBXBuildFile; fileRef = 02404F78CCE5FFBF04939DFD; };
  1F3EE98F82C9348FDDE178C9 = { isa = PBXFileReference; lastKnownFileType = "sourcecode.swift"; path = "App/ChatWingApp.swift"; sourceTree = SOURCE_ROOT; };
  EDE1B02E1A43A25AD2560290 = { isa = PBXBuildFile; fileRef = 1F3EE98F82C9348FDDE178C9; };
  BCF9C861444BEB98CC0815F1 = { isa = PBXFileReference; lastKnownFileType = "sourcecode.swift"; path = "App/PiPController.swift"; sourceTree = SOURCE_ROOT; };
  FE9423D9B85A8C4D64245F54 = { isa = PBXBuildFile; fileRef = BCF9C861444BEB98CC0815F1; };
  FB6E1E0BFF12AA0D280A4B8A = { isa = PBXFileReference; lastKnownFileType = "sourcecode.swift"; path = "App/RootView.swift"; sourceTree = SOURCE_ROOT; };
  0A864A624C415BF3F6FFBF51 = { isa = PBXBuildFile; fileRef = FB6E1E0BFF12AA0D280A4B8A; };
  B91CB02BBABF3EED79D42FCD = { isa = PBXSourcesBuildPhase; buildActionMask = 2147483647; files = (0F7E47764526F67C3832845B, 36AF7739503246A53E16FC25, 5A0062D8069A6DEECF3C405E, 5E014B64BD37781F95310418, F087BD1AC6A02C7BF7D9865C, B67D08C25E4E76102FE88043, A2000E87D8213BD784C3C882, EDE1B02E1A43A25AD2560290, FE9423D9B85A8C4D64245F54, 0A864A624C415BF3F6FFBF51,); runOnlyForDeploymentPostprocessing = 0; };
  C8FC430F3A08D652E622DF29 = { isa = PBXFileReference; lastKnownFileType = "text.json"; path = "Resources/JudgeQuestions.json"; sourceTree = SOURCE_ROOT; };
  30FF9717D803B523C32390F8 = { isa = PBXBuildFile; fileRef = C8FC430F3A08D652E622DF29; };
  B8FA18644A594FE11B39A425 = { isa = PBXFileReference; lastKnownFileType = "folder.assetcatalog"; path = "Resources/Assets.xcassets"; sourceTree = SOURCE_ROOT; };
  4AC6A87D29DEF6008A27C55E = { isa = PBXBuildFile; fileRef = B8FA18644A594FE11B39A425; };
  392BDC3F55CEC1885F16285B = { isa = PBXFileReference; lastKnownFileType = "text"; path = "Resources/PrivacyInfo.xcprivacy"; sourceTree = SOURCE_ROOT; };
  9CB613346ECDD2694B32EECC = { isa = PBXBuildFile; fileRef = 392BDC3F55CEC1885F16285B; };
  BD84DAF23E7F5FEBD0301663 = { isa = PBXFileReference; lastKnownFileType = "text"; path = "LICENSE"; sourceTree = SOURCE_ROOT; };
  92D68B6262CCE8A61D5F4FDE = { isa = PBXBuildFile; fileRef = BD84DAF23E7F5FEBD0301663; };
  186CD32E0CE2506E5B76B685 = { isa = PBXFileReference; lastKnownFileType = "text"; path = "NOTICE"; sourceTree = SOURCE_ROOT; };
  9FEE6793905A888BF56902E9 = { isa = PBXBuildFile; fileRef = 186CD32E0CE2506E5B76B685; };
  696DB3733493CACA36726CEA = { isa = PBXResourcesBuildPhase; buildActionMask = 2147483647; files = (30FF9717D803B523C32390F8, 4AC6A87D29DEF6008A27C55E, 9CB613346ECDD2694B32EECC, 92D68B6262CCE8A61D5F4FDE, 9FEE6793905A888BF56902E9,); runOnlyForDeploymentPostprocessing = 0; };
  6D55487D70645B27AD27552A = { isa = PBXFrameworksBuildPhase; buildActionMask = 2147483647; files = (); runOnlyForDeploymentPostprocessing = 0; };
  7490FDA190DCF1A1D58C5796 = { isa = PBXFileReference; explicitFileType = "wrapper.app-extension"; includeInIndex = 0; path = "ChatWingBroadcast.appex"; sourceTree = BUILT_PRODUCTS_DIR; };
  7FD276CBFB50DAAFFF23981B = { isa = PBXBuildFile; fileRef = 33F6EF03795119E2B0E0C02A; };
  963E74155153EE4193064BCB = { isa = PBXBuildFile; fileRef = B5DB56CDFDD28EA97215349A; };
  DE38BDA4E2C6FA60F9452D54 = { isa = PBXBuildFile; fileRef = 3C5EFF0328B5B837FDBBE5E7; };
  34B35F16458C0EAAA3022502 = { isa = PBXBuildFile; fileRef = 8CDF2DA57B1284221555D8F7; };
  AA3075EF70A3F6335E760796 = { isa = PBXBuildFile; fileRef = DA958B3133A30C9ECE085DDE; };
  60D43C7D753DDFD4C46AA38D = { isa = PBXBuildFile; fileRef = 7626AB1FB79BA942239C112F; };
  637243149B0D0CEDB1E985CC = { isa = PBXFileReference; lastKnownFileType = "sourcecode.swift"; path = "Broadcast/SampleHandler.swift"; sourceTree = SOURCE_ROOT; };
  A3E802913AE96BD24FAF32E3 = { isa = PBXBuildFile; fileRef = 637243149B0D0CEDB1E985CC; };
  3FED77B8AEBDBCB88613EADC = { isa = PBXSourcesBuildPhase; buildActionMask = 2147483647; files = (7FD276CBFB50DAAFFF23981B, 963E74155153EE4193064BCB, DE38BDA4E2C6FA60F9452D54, 34B35F16458C0EAAA3022502, AA3075EF70A3F6335E760796, 60D43C7D753DDFD4C46AA38D, A3E802913AE96BD24FAF32E3,); runOnlyForDeploymentPostprocessing = 0; };
  2EB74F90A702973D64C23CB2 = { isa = PBXBuildFile; fileRef = C8FC430F3A08D652E622DF29; };
  912BBD858FF2C2BB3233AA79 = { isa = PBXBuildFile; fileRef = 392BDC3F55CEC1885F16285B; };
  AF0ACD67B0D90456A36FF95E = { isa = PBXResourcesBuildPhase; buildActionMask = 2147483647; files = (2EB74F90A702973D64C23CB2, 912BBD858FF2C2BB3233AA79,); runOnlyForDeploymentPostprocessing = 0; };
  8E07F7443F5F1CE0B6A9D78E = { isa = PBXFrameworksBuildPhase; buildActionMask = 2147483647; files = (); runOnlyForDeploymentPostprocessing = 0; };
  94E35A20D508D1044D40C95F = { isa = PBXFileReference; explicitFileType = "wrapper.app-extension"; includeInIndex = 0; path = "ChatWingKeyboard.appex"; sourceTree = BUILT_PRODUCTS_DIR; };
  A8ACCE45ACDDCCAD9F1A6860 = { isa = PBXBuildFile; fileRef = 33F6EF03795119E2B0E0C02A; };
  7D45143D38476BB864EAE6B9 = { isa = PBXBuildFile; fileRef = B5DB56CDFDD28EA97215349A; };
  D47FA8A78BC38FCDA988AC7C = { isa = PBXFileReference; lastKnownFileType = "sourcecode.swift"; path = "Keyboard/KeyboardViewController.swift"; sourceTree = SOURCE_ROOT; };
  4FC05C9579E1542A5AF7DF53 = { isa = PBXBuildFile; fileRef = D47FA8A78BC38FCDA988AC7C; };
  E4948A8699F963A45F09EC82 = { isa = PBXSourcesBuildPhase; buildActionMask = 2147483647; files = (A8ACCE45ACDDCCAD9F1A6860, 7D45143D38476BB864EAE6B9, 4FC05C9579E1542A5AF7DF53,); runOnlyForDeploymentPostprocessing = 0; };
  1D2088B5DA194CEE339B86F8 = { isa = PBXResourcesBuildPhase; buildActionMask = 2147483647; files = (); runOnlyForDeploymentPostprocessing = 0; };
  987F749D2144A8865810785C = { isa = PBXFrameworksBuildPhase; buildActionMask = 2147483647; files = (); runOnlyForDeploymentPostprocessing = 0; };
  1E62AC30173945F079865A27 = { isa = PBXFileReference; explicitFileType = "wrapper.cfbundle"; includeInIndex = 0; path = "ChatWingTests.xctest"; sourceTree = BUILT_PRODUCTS_DIR; };
  542701F08ACC1B0F89CCC794 = { isa = PBXFileReference; lastKnownFileType = "sourcecode.swift"; path = "Tests/ChatWingTests.swift"; sourceTree = SOURCE_ROOT; };
  1859B4891ECE226CAA4B8A1D = { isa = PBXBuildFile; fileRef = 542701F08ACC1B0F89CCC794; };
  09FB83D52E8363DF851E1BEA = { isa = PBXSourcesBuildPhase; buildActionMask = 2147483647; files = (1859B4891ECE226CAA4B8A1D,); runOnlyForDeploymentPostprocessing = 0; };
  E70B901DDF866D6B14C4DFF5 = { isa = PBXResourcesBuildPhase; buildActionMask = 2147483647; files = (); runOnlyForDeploymentPostprocessing = 0; };
  860FE3631189E52E8A4C5387 = { isa = PBXFrameworksBuildPhase; buildActionMask = 2147483647; files = (); runOnlyForDeploymentPostprocessing = 0; };
  67E24BBFAD93DAA5154614DB = { isa = PBXFileReference; lastKnownFileType = "text.xcconfig"; path = "Config/Signing.xcconfig"; sourceTree = SOURCE_ROOT; };
  25C88AA9817CC2CD68674096 = { isa = XCBuildConfiguration; baseConfigurationReference = 67E24BBFAD93DAA5154614DB; buildSettings = { PRODUCT_NAME = "ChatWing"; PRODUCT_BUNDLE_IDENTIFIER = "$(BUNDLE_PREFIX)"; SWIFT_VERSION = "5.0"; SWIFT_STRICT_CONCURRENCY = "minimal"; IPHONEOS_DEPLOYMENT_TARGET = "17.0"; SDKROOT = "iphoneos"; SUPPORTED_PLATFORMS = "iphoneos iphonesimulator"; TARGETED_DEVICE_FAMILY = "1"; LD_RUNPATH_SEARCH_PATHS = ("$(inherited)", "@executable_path/Frameworks", "@executable_path/../../Frameworks",); ENABLE_USER_SCRIPT_SANDBOXING = "YES"; CLANG_ENABLE_MODULES = "YES"; SWIFT_OPTIMIZATION_LEVEL = "-Onone"; SWIFT_ACTIVE_COMPILATION_CONDITIONS = "DEBUG"; ENABLE_TESTABILITY = "YES"; DEBUG_INFORMATION_FORMAT = "dwarf"; INFOPLIST_FILE = "Config/App-Info.plist"; CODE_SIGN_ENTITLEMENTS = "Config/App.entitlements"; GENERATE_INFOPLIST_FILE = "NO"; ASSETCATALOG_COMPILER_APPICON_NAME = "AppIcon"; }; name = Debug; };
  505DBFAAD61198DF52A18D98 = { isa = XCBuildConfiguration; baseConfigurationReference = 67E24BBFAD93DAA5154614DB; buildSettings = { PRODUCT_NAME = "ChatWing"; PRODUCT_BUNDLE_IDENTIFIER = "$(BUNDLE_PREFIX)"; SWIFT_VERSION = "5.0"; SWIFT_STRICT_CONCURRENCY = "minimal"; IPHONEOS_DEPLOYMENT_TARGET = "17.0"; SDKROOT = "iphoneos"; SUPPORTED_PLATFORMS = "iphoneos iphonesimulator"; TARGETED_DEVICE_FAMILY = "1"; LD_RUNPATH_SEARCH_PATHS = ("$(inherited)", "@executable_path/Frameworks", "@executable_path/../../Frameworks",); ENABLE_USER_SCRIPT_SANDBOXING = "YES"; CLANG_ENABLE_MODULES = "YES"; SWIFT_OPTIMIZATION_LEVEL = "-O"; SWIFT_ACTIVE_COMPILATION_CONDITIONS = ""; ENABLE_TESTABILITY = "NO"; DEBUG_INFORMATION_FORMAT = "dwarf-with-dsym"; INFOPLIST_FILE = "Config/App-Info.plist"; CODE_SIGN_ENTITLEMENTS = "Config/App.entitlements"; GENERATE_INFOPLIST_FILE = "NO"; ASSETCATALOG_COMPILER_APPICON_NAME = "AppIcon"; }; name = Release; };
  2D470D2D00B274AA9B11957F = { isa = XCConfigurationList; buildConfigurations = (25C88AA9817CC2CD68674096, 505DBFAAD61198DF52A18D98,); defaultConfigurationIsVisible = 0; defaultConfigurationName = Release; };
  6F1EE8D0B483C7D68031CC44 = { isa = PBXContainerItemProxy; containerPortal = 244210E48437B6556980A702; proxyType = 1; remoteGlobalIDString = 5AFB494EA289298D766BEE8C; remoteInfo = "ChatWingBroadcast"; };
  027351E590E77E5BE571CFE5 = { isa = PBXTargetDependency; target = 5AFB494EA289298D766BEE8C; targetProxy = 6F1EE8D0B483C7D68031CC44; };
  261F686A2A83EE4C7E511248 = { isa = PBXContainerItemProxy; containerPortal = 244210E48437B6556980A702; proxyType = 1; remoteGlobalIDString = D28DAC15B8EB59A6C0CD802E; remoteInfo = "ChatWingKeyboard"; };
  E888BEE24DA1900E29741E12 = { isa = PBXTargetDependency; target = D28DAC15B8EB59A6C0CD802E; targetProxy = 261F686A2A83EE4C7E511248; };
  5D138A113372EC7335730E94 = { isa = PBXBuildFile; fileRef = 7490FDA190DCF1A1D58C5796; settings = { ATTRIBUTES = (RemoveHeadersOnCopy,); }; };
  57CA819347E7C8C3CB1C3C6B = { isa = PBXBuildFile; fileRef = 94E35A20D508D1044D40C95F; settings = { ATTRIBUTES = (RemoveHeadersOnCopy,); }; };
  DD615B768CF8ACFE2ED53E52 = { isa = PBXCopyFilesBuildPhase; buildActionMask = 2147483647; dstPath = ""; dstSubfolderSpec = 13; files = (5D138A113372EC7335730E94, 57CA819347E7C8C3CB1C3C6B,); name = "Embed App Extensions"; runOnlyForDeploymentPostprocessing = 0; };
  FDC96B2D578E4A3A1851313A = { isa = PBXNativeTarget; buildConfigurationList = 2D470D2D00B274AA9B11957F; buildPhases = (B91CB02BBABF3EED79D42FCD, 696DB3733493CACA36726CEA, 6D55487D70645B27AD27552A, DD615B768CF8ACFE2ED53E52,); buildRules = (); dependencies = (027351E590E77E5BE571CFE5, E888BEE24DA1900E29741E12,); name = "ChatWing"; productName = "ChatWing"; productReference = CACB2748E76DCA04E0FE41CB; productType = "com.apple.product-type.application"; };
  4B5D0F82D5ACC5A88F2EE469 = { isa = XCBuildConfiguration; baseConfigurationReference = 67E24BBFAD93DAA5154614DB; buildSettings = { PRODUCT_NAME = "ChatWingBroadcast"; PRODUCT_BUNDLE_IDENTIFIER = "$(BUNDLE_PREFIX).Broadcast"; SWIFT_VERSION = "5.0"; SWIFT_STRICT_CONCURRENCY = "minimal"; IPHONEOS_DEPLOYMENT_TARGET = "17.0"; SDKROOT = "iphoneos"; SUPPORTED_PLATFORMS = "iphoneos iphonesimulator"; TARGETED_DEVICE_FAMILY = "1"; LD_RUNPATH_SEARCH_PATHS = ("$(inherited)", "@executable_path/Frameworks", "@executable_path/../../Frameworks",); ENABLE_USER_SCRIPT_SANDBOXING = "YES"; CLANG_ENABLE_MODULES = "YES"; SWIFT_OPTIMIZATION_LEVEL = "-Onone"; SWIFT_ACTIVE_COMPILATION_CONDITIONS = "DEBUG"; ENABLE_TESTABILITY = "YES"; DEBUG_INFORMATION_FORMAT = "dwarf"; INFOPLIST_FILE = "Config/Broadcast-Info.plist"; CODE_SIGN_ENTITLEMENTS = "Config/Broadcast.entitlements"; GENERATE_INFOPLIST_FILE = "NO"; APPLICATION_EXTENSION_API_ONLY = "YES"; SKIP_INSTALL = "YES"; }; name = Debug; };
  2710A8DABB6390E7F214A09E = { isa = XCBuildConfiguration; baseConfigurationReference = 67E24BBFAD93DAA5154614DB; buildSettings = { PRODUCT_NAME = "ChatWingBroadcast"; PRODUCT_BUNDLE_IDENTIFIER = "$(BUNDLE_PREFIX).Broadcast"; SWIFT_VERSION = "5.0"; SWIFT_STRICT_CONCURRENCY = "minimal"; IPHONEOS_DEPLOYMENT_TARGET = "17.0"; SDKROOT = "iphoneos"; SUPPORTED_PLATFORMS = "iphoneos iphonesimulator"; TARGETED_DEVICE_FAMILY = "1"; LD_RUNPATH_SEARCH_PATHS = ("$(inherited)", "@executable_path/Frameworks", "@executable_path/../../Frameworks",); ENABLE_USER_SCRIPT_SANDBOXING = "YES"; CLANG_ENABLE_MODULES = "YES"; SWIFT_OPTIMIZATION_LEVEL = "-O"; SWIFT_ACTIVE_COMPILATION_CONDITIONS = ""; ENABLE_TESTABILITY = "NO"; DEBUG_INFORMATION_FORMAT = "dwarf-with-dsym"; INFOPLIST_FILE = "Config/Broadcast-Info.plist"; CODE_SIGN_ENTITLEMENTS = "Config/Broadcast.entitlements"; GENERATE_INFOPLIST_FILE = "NO"; APPLICATION_EXTENSION_API_ONLY = "YES"; SKIP_INSTALL = "YES"; }; name = Release; };
  36DAD39EAA07BF60D2F41515 = { isa = XCConfigurationList; buildConfigurations = (4B5D0F82D5ACC5A88F2EE469, 2710A8DABB6390E7F214A09E,); defaultConfigurationIsVisible = 0; defaultConfigurationName = Release; };
  5AFB494EA289298D766BEE8C = { isa = PBXNativeTarget; buildConfigurationList = 36DAD39EAA07BF60D2F41515; buildPhases = (3FED77B8AEBDBCB88613EADC, AF0ACD67B0D90456A36FF95E, 8E07F7443F5F1CE0B6A9D78E,); buildRules = (); dependencies = (); name = "ChatWingBroadcast"; productName = "ChatWingBroadcast"; productReference = 7490FDA190DCF1A1D58C5796; productType = "com.apple.product-type.app-extension"; };
  86FACDF18259C0A73B614CE7 = { isa = XCBuildConfiguration; baseConfigurationReference = 67E24BBFAD93DAA5154614DB; buildSettings = { PRODUCT_NAME = "ChatWingKeyboard"; PRODUCT_BUNDLE_IDENTIFIER = "$(BUNDLE_PREFIX).Keyboard"; SWIFT_VERSION = "5.0"; SWIFT_STRICT_CONCURRENCY = "minimal"; IPHONEOS_DEPLOYMENT_TARGET = "17.0"; SDKROOT = "iphoneos"; SUPPORTED_PLATFORMS = "iphoneos iphonesimulator"; TARGETED_DEVICE_FAMILY = "1"; LD_RUNPATH_SEARCH_PATHS = ("$(inherited)", "@executable_path/Frameworks", "@executable_path/../../Frameworks",); ENABLE_USER_SCRIPT_SANDBOXING = "YES"; CLANG_ENABLE_MODULES = "YES"; SWIFT_OPTIMIZATION_LEVEL = "-Onone"; SWIFT_ACTIVE_COMPILATION_CONDITIONS = "DEBUG"; ENABLE_TESTABILITY = "YES"; DEBUG_INFORMATION_FORMAT = "dwarf"; INFOPLIST_FILE = "Config/Keyboard-Info.plist"; CODE_SIGN_ENTITLEMENTS = "Config/Keyboard.entitlements"; GENERATE_INFOPLIST_FILE = "NO"; APPLICATION_EXTENSION_API_ONLY = "YES"; SKIP_INSTALL = "YES"; }; name = Debug; };
  94A00A256577D5405C2882CE = { isa = XCBuildConfiguration; baseConfigurationReference = 67E24BBFAD93DAA5154614DB; buildSettings = { PRODUCT_NAME = "ChatWingKeyboard"; PRODUCT_BUNDLE_IDENTIFIER = "$(BUNDLE_PREFIX).Keyboard"; SWIFT_VERSION = "5.0"; SWIFT_STRICT_CONCURRENCY = "minimal"; IPHONEOS_DEPLOYMENT_TARGET = "17.0"; SDKROOT = "iphoneos"; SUPPORTED_PLATFORMS = "iphoneos iphonesimulator"; TARGETED_DEVICE_FAMILY = "1"; LD_RUNPATH_SEARCH_PATHS = ("$(inherited)", "@executable_path/Frameworks", "@executable_path/../../Frameworks",); ENABLE_USER_SCRIPT_SANDBOXING = "YES"; CLANG_ENABLE_MODULES = "YES"; SWIFT_OPTIMIZATION_LEVEL = "-O"; SWIFT_ACTIVE_COMPILATION_CONDITIONS = ""; ENABLE_TESTABILITY = "NO"; DEBUG_INFORMATION_FORMAT = "dwarf-with-dsym"; INFOPLIST_FILE = "Config/Keyboard-Info.plist"; CODE_SIGN_ENTITLEMENTS = "Config/Keyboard.entitlements"; GENERATE_INFOPLIST_FILE = "NO"; APPLICATION_EXTENSION_API_ONLY = "YES"; SKIP_INSTALL = "YES"; }; name = Release; };
  306290981CEC63850D43D354 = { isa = XCConfigurationList; buildConfigurations = (86FACDF18259C0A73B614CE7, 94A00A256577D5405C2882CE,); defaultConfigurationIsVisible = 0; defaultConfigurationName = Release; };
  D28DAC15B8EB59A6C0CD802E = { isa = PBXNativeTarget; buildConfigurationList = 306290981CEC63850D43D354; buildPhases = (E4948A8699F963A45F09EC82, 1D2088B5DA194CEE339B86F8, 987F749D2144A8865810785C,); buildRules = (); dependencies = (); name = "ChatWingKeyboard"; productName = "ChatWingKeyboard"; productReference = 94E35A20D508D1044D40C95F; productType = "com.apple.product-type.app-extension"; };
  3FFEFF75FAD8AAEAD41E8C48 = { isa = XCBuildConfiguration; baseConfigurationReference = 67E24BBFAD93DAA5154614DB; buildSettings = { PRODUCT_NAME = "ChatWingTests"; PRODUCT_BUNDLE_IDENTIFIER = "$(BUNDLE_PREFIX).Tests"; SWIFT_VERSION = "5.0"; SWIFT_STRICT_CONCURRENCY = "minimal"; IPHONEOS_DEPLOYMENT_TARGET = "17.0"; SDKROOT = "iphoneos"; SUPPORTED_PLATFORMS = "iphoneos iphonesimulator"; TARGETED_DEVICE_FAMILY = "1"; LD_RUNPATH_SEARCH_PATHS = ("$(inherited)", "@executable_path/Frameworks", "@executable_path/../../Frameworks",); ENABLE_USER_SCRIPT_SANDBOXING = "YES"; CLANG_ENABLE_MODULES = "YES"; SWIFT_OPTIMIZATION_LEVEL = "-Onone"; SWIFT_ACTIVE_COMPILATION_CONDITIONS = "DEBUG"; ENABLE_TESTABILITY = "YES"; DEBUG_INFORMATION_FORMAT = "dwarf"; GENERATE_INFOPLIST_FILE = "YES"; TEST_HOST = "$(BUILT_PRODUCTS_DIR)/ChatWing.app/ChatWing"; BUNDLE_LOADER = "$(TEST_HOST)"; }; name = Debug; };
  86A87DD439B9EFEC6E333218 = { isa = XCBuildConfiguration; baseConfigurationReference = 67E24BBFAD93DAA5154614DB; buildSettings = { PRODUCT_NAME = "ChatWingTests"; PRODUCT_BUNDLE_IDENTIFIER = "$(BUNDLE_PREFIX).Tests"; SWIFT_VERSION = "5.0"; SWIFT_STRICT_CONCURRENCY = "minimal"; IPHONEOS_DEPLOYMENT_TARGET = "17.0"; SDKROOT = "iphoneos"; SUPPORTED_PLATFORMS = "iphoneos iphonesimulator"; TARGETED_DEVICE_FAMILY = "1"; LD_RUNPATH_SEARCH_PATHS = ("$(inherited)", "@executable_path/Frameworks", "@executable_path/../../Frameworks",); ENABLE_USER_SCRIPT_SANDBOXING = "YES"; CLANG_ENABLE_MODULES = "YES"; SWIFT_OPTIMIZATION_LEVEL = "-O"; SWIFT_ACTIVE_COMPILATION_CONDITIONS = ""; ENABLE_TESTABILITY = "NO"; DEBUG_INFORMATION_FORMAT = "dwarf-with-dsym"; GENERATE_INFOPLIST_FILE = "YES"; TEST_HOST = "$(BUILT_PRODUCTS_DIR)/ChatWing.app/ChatWing"; BUNDLE_LOADER = "$(TEST_HOST)"; }; name = Release; };
  704BAD37564934611B272936 = { isa = XCConfigurationList; buildConfigurations = (3FFEFF75FAD8AAEAD41E8C48, 86A87DD439B9EFEC6E333218,); defaultConfigurationIsVisible = 0; defaultConfigurationName = Release; };
  C6EE12F38D88E85392C61A67 = { isa = PBXContainerItemProxy; containerPortal = 244210E48437B6556980A702; proxyType = 1; remoteGlobalIDString = FDC96B2D578E4A3A1851313A; remoteInfo = "ChatWing"; };
  2F0F2CD7A55BB6FE4B19E9FB = { isa = PBXTargetDependency; target = FDC96B2D578E4A3A1851313A; targetProxy = C6EE12F38D88E85392C61A67; };
  4BB4F11BDF8D6CA024547BA4 = { isa = PBXNativeTarget; buildConfigurationList = 704BAD37564934611B272936; buildPhases = (09FB83D52E8363DF851E1BEA, E70B901DDF866D6B14C4DFF5, 860FE3631189E52E8A4C5387,); buildRules = (); dependencies = (2F0F2CD7A55BB6FE4B19E9FB,); name = "ChatWingTests"; productName = "ChatWingTests"; productReference = 1E62AC30173945F079865A27; productType = "com.apple.product-type.bundle.unit-test"; };
  7C0858417E8594228ED3CE0A = { isa = PBXFileReference; lastKnownFileType = "text.plist.xml"; path = "Config/App-Info.plist"; sourceTree = SOURCE_ROOT; };
  6B7C5F8432B968C375C9E6E7 = { isa = PBXFileReference; lastKnownFileType = "text.plist.entitlements"; path = "Config/App.entitlements"; sourceTree = SOURCE_ROOT; };
  C1E4654C25BB4C66F41AADAB = { isa = PBXFileReference; lastKnownFileType = "text.plist.xml"; path = "Config/Broadcast-Info.plist"; sourceTree = SOURCE_ROOT; };
  A958236F44342DB880D53C75 = { isa = PBXFileReference; lastKnownFileType = "text.plist.entitlements"; path = "Config/Broadcast.entitlements"; sourceTree = SOURCE_ROOT; };
  DEC595CA0A2772AC19BA5B06 = { isa = PBXFileReference; lastKnownFileType = "text.plist.xml"; path = "Config/Keyboard-Info.plist"; sourceTree = SOURCE_ROOT; };
  DE27399195AA6A4B72BBEBC7 = { isa = PBXFileReference; lastKnownFileType = "text.plist.entitlements"; path = "Config/Keyboard.entitlements"; sourceTree = SOURCE_ROOT; };
  42C59AF8A4BAE559BC5A5D5D = { isa = PBXFileReference; lastKnownFileType = "net.daringfireball.markdown"; path = "README.md"; sourceTree = SOURCE_ROOT; };
  DA4D0C55ACDA5B169DF80A78 = { isa = PBXFileReference; lastKnownFileType = "net.daringfireball.markdown"; path = "Docs/Architecture.md"; sourceTree = SOURCE_ROOT; };
  FD19A2868DB4708D353FE26E = { isa = PBXFileReference; lastKnownFileType = "net.daringfireball.markdown"; path = "Docs/DeviceChecks.md"; sourceTree = SOURCE_ROOT; };
  D622E5AFC67B63C5C465E6A8 = { isa = PBXFileReference; lastKnownFileType = "net.daringfireball.markdown"; path = "Docs/Validation.md"; sourceTree = SOURCE_ROOT; };
  13C4608B5138EBE9B3A45A55 = { isa = PBXGroup; children = (02404F78CCE5FFBF04939DFD, 1F3EE98F82C9348FDDE178C9, BCF9C861444BEB98CC0815F1, FB6E1E0BFF12AA0D280A4B8A,); name = "App"; sourceTree = "<group>"; };
  9BB63CD090061052B7D220A9 = { isa = PBXGroup; children = (637243149B0D0CEDB1E985CC,); name = "Broadcast"; sourceTree = "<group>"; };
  EC567820080BF3D2EC564E7E = { isa = PBXGroup; children = (D47FA8A78BC38FCDA988AC7C,); name = "Keyboard"; sourceTree = "<group>"; };
  B8A7C4C7C43B9A2F11EEEA63 = { isa = PBXGroup; children = (33F6EF03795119E2B0E0C02A, B5DB56CDFDD28EA97215349A, 3C5EFF0328B5B837FDBBE5E7, 8CDF2DA57B1284221555D8F7, DA958B3133A30C9ECE085DDE, 7626AB1FB79BA942239C112F,); name = "Shared"; sourceTree = "<group>"; };
  369366657F0CC118760331FE = { isa = PBXGroup; children = (C8FC430F3A08D652E622DF29, B8FA18644A594FE11B39A425, 392BDC3F55CEC1885F16285B,); name = "Resources"; sourceTree = "<group>"; };
  1B3039B2E15DD2AB7EA6156D = { isa = PBXGroup; children = (67E24BBFAD93DAA5154614DB, 7C0858417E8594228ED3CE0A, 6B7C5F8432B968C375C9E6E7, C1E4654C25BB4C66F41AADAB, A958236F44342DB880D53C75, DEC595CA0A2772AC19BA5B06, DE27399195AA6A4B72BBEBC7,); name = "Config"; sourceTree = "<group>"; };
  6DC4FAD667A85B8567F612FB = { isa = PBXGroup; children = (542701F08ACC1B0F89CCC794,); name = "Tests"; sourceTree = "<group>"; };
  C9740FDFA314A18420334661 = { isa = PBXGroup; children = (DA4D0C55ACDA5B169DF80A78, FD19A2868DB4708D353FE26E, D622E5AFC67B63C5C465E6A8,); name = "Docs"; sourceTree = "<group>"; };
  0A3E27B8CA818264D75C8D81 = { isa = PBXGroup; children = (CACB2748E76DCA04E0FE41CB, 7490FDA190DCF1A1D58C5796, 94E35A20D508D1044D40C95F, 1E62AC30173945F079865A27,); name = Products; sourceTree = "<group>"; };
  4813494D137E1631BBA301D5 = { isa = PBXGroup; children = (13C4608B5138EBE9B3A45A55, 9BB63CD090061052B7D220A9, EC567820080BF3D2EC564E7E, B8A7C4C7C43B9A2F11EEEA63, 369366657F0CC118760331FE, 1B3039B2E15DD2AB7EA6156D, 6DC4FAD667A85B8567F612FB, C9740FDFA314A18420334661, BD84DAF23E7F5FEBD0301663, 186CD32E0CE2506E5B76B685, 42C59AF8A4BAE559BC5A5D5D, 0A3E27B8CA818264D75C8D81,); sourceTree = "<group>"; };
  3D4A618BA88680AC468D6ABA = { isa = XCBuildConfiguration; buildSettings = { CLANG_ENABLE_OBJC_ARC = YES; }; name = Debug; };
  B0F5E3932E02B6B45FA6083E = { isa = XCBuildConfiguration; buildSettings = { CLANG_ENABLE_OBJC_ARC = YES; }; name = Release; };
  5D37206CDA39F1E68DD15344 = { isa = XCConfigurationList; buildConfigurations = (3D4A618BA88680AC468D6ABA, B0F5E3932E02B6B45FA6083E,); defaultConfigurationIsVisible = 0; defaultConfigurationName = Release; };
  244210E48437B6556980A702 = { isa = PBXProject; attributes = { BuildIndependentTargetsInParallel = YES; LastUpgradeCheck = 1600; TargetAttributes = { FDC96B2D578E4A3A1851313A = { CreatedOnToolsVersion = 16.0; }; 5AFB494EA289298D766BEE8C = { CreatedOnToolsVersion = 16.0; }; D28DAC15B8EB59A6C0CD802E = { CreatedOnToolsVersion = 16.0; }; 4BB4F11BDF8D6CA024547BA4 = { CreatedOnToolsVersion = 16.0; TestTargetID = FDC96B2D578E4A3A1851313A; }; }; }; buildConfigurationList = 5D37206CDA39F1E68DD15344; compatibilityVersion = "Xcode 14.0"; developmentRegion = zh_CN; hasScannedForEncodings = 0; knownRegions = (en, Base, zh_CN,); mainGroup = 4813494D137E1631BBA301D5; productRefGroup = 0A3E27B8CA818264D75C8D81; projectDirPath = ""; projectRoot = ""; targets = (FDC96B2D578E4A3A1851313A, 5AFB494EA289298D766BEE8C, D28DAC15B8EB59A6C0CD802E, 4BB4F11BDF8D6CA024547BA4,); };
 };
 rootObject = 244210E48437B6556980A702;
}
